
Microsoft Visual Studio Solution File, Format Version 12.00
# Visual Studio Version 17
VisualStudioVersion = 17.0.32014.148
MinimumVisualStudioVersion = 10.0.40219.1
Project("{2150E333-8FDC-42A3-9474-1A3956D46DE8}") = "Base", "Base", "{387CCFBA-1FD1-4C5C-A136-B55E6061D391}"
EndProject
Project("{2150E333-8FDC-42A3-9474-1A3956D46DE8}") = "Src", "Src", "{4388FC26-0296-4746-A212-EABCF106CBB7}"
EndProject
Project("{2150E333-8FDC-42A3-9474-1A3956D46DE8}") = "Core", "Core", "{DDCA97BE-D636-4AF9-AD6E-DE066B95B03A}"
EndProject
Project("{9A19103F-16F7-4668-BE54-9A1E7A4F7556}") = "Domain", "Domain\Domain.csproj", "{C49DB6DF-0EFE-42E0-8802-1DB2C111905A}"
EndProject
Project("{9A19103F-16F7-4668-BE54-9A1E7A4F7556}") = "Application", "Application\Application.csproj", "{7E2041B1-B6A7-4E15-BB41-7DB33794B90C}"
EndProject
Project("{2150E333-8FDC-42A3-9474-1A3956D46DE8}") = "Presentation", "Presentation", "{91903F00-40A0-4A73-AC30-88E77FE08D7D}"
EndProject
Project("{2150E333-8FDC-42A3-9474-1A3956D46DE8}") = "Infrastructure", "Infrastructure", "{A88C45D2-E6AB-41E6-80ED-32A63E987A02}"
EndProject
Project("{9A19103F-16F7-4668-BE54-9A1E7A4F7556}") = "Infrastructure", "Infrastructure\Infrastructure.csproj", "{2C13965E-B827-45F1-9506-8271E10E28D9}"
EndProject
Project("{9A19103F-16F7-4668-BE54-9A1E7A4F7556}") = "IdentityCore.EndPoint", "EndPoint\IdentityCore.EndPoint.csproj", "{E5ADF8D8-7898-48E7-A1AA-0AC6EEA32012}"
EndProject
Project("{9A19103F-16F7-4668-BE54-9A1E7A4F7556}") = "Persistences", "Persistences\Persistences.csproj", "{65FD6079-DF21-40A2-8BF2-11A4B1A0FFC3}"
EndProject
Global
	GlobalSection(SolutionConfigurationPlatforms) = preSolution
		Debug|Any CPU = Debug|Any CPU
		Release|Any CPU = Release|Any CPU
	EndGlobalSection
	GlobalSection(ProjectConfigurationPlatforms) = postSolution
		{C49DB6DF-0EFE-42E0-8802-1DB2C111905A}.Debug|Any CPU.ActiveCfg = Debug|Any CPU
		{C49DB6DF-0EFE-42E0-8802-1DB2C111905A}.Debug|Any CPU.Build.0 = Debug|Any CPU
		{C49DB6DF-0EFE-42E0-8802-1DB2C111905A}.Release|Any CPU.ActiveCfg = Release|Any CPU
		{C49DB6DF-0EFE-42E0-8802-1DB2C111905A}.Release|Any CPU.Build.0 = Release|Any CPU
		{7E2041B1-B6A7-4E15-BB41-7DB33794B90C}.Debug|Any CPU.ActiveCfg = Debug|Any CPU
		{7E2041B1-B6A7-4E15-BB41-7DB33794B90C}.Debug|Any CPU.Build.0 = Debug|Any CPU
		{7E2041B1-B6A7-4E15-BB41-7DB33794B90C}.Release|Any CPU.ActiveCfg = Release|Any CPU
		{7E2041B1-B6A7-4E15-BB41-7DB33794B90C}.Release|Any CPU.Build.0 = Release|Any CPU
		{2C13965E-B827-45F1-9506-8271E10E28D9}.Debug|Any CPU.ActiveCfg = Debug|Any CPU
		{2C13965E-B827-45F1-9506-8271E10E28D9}.Debug|Any CPU.Build.0 = Debug|Any CPU
		{2C13965E-B827-45F1-9506-8271E10E28D9}.Release|Any CPU.ActiveCfg = Release|Any CPU
		{2C13965E-B827-45F1-9506-8271E10E28D9}.Release|Any CPU.Build.0 = Release|Any CPU
		{E5ADF8D8-7898-48E7-A1AA-0AC6EEA32012}.Debug|Any CPU.ActiveCfg = Debug|Any CPU
		{E5ADF8D8-7898-48E7-A1AA-0AC6EEA32012}.Debug|Any CPU.Build.0 = Debug|Any CPU
		{E5ADF8D8-7898-48E7-A1AA-0AC6EEA32012}.Release|Any CPU.ActiveCfg = Release|Any CPU
		{E5ADF8D8-7898-48E7-A1AA-0AC6EEA32012}.Release|Any CPU.Build.0 = Release|Any CPU
		{65FD6079-DF21-40A2-8BF2-11A4B1A0FFC3}.Debug|Any CPU.ActiveCfg = Debug|Any CPU
		{65FD6079-DF21-40A2-8BF2-11A4B1A0FFC3}.Debug|Any CPU.Build.0 = Debug|Any CPU
		{65FD6079-DF21-40A2-8BF2-11A4B1A0FFC3}.Release|Any CPU.ActiveCfg = Release|Any CPU
		{65FD6079-DF21-40A2-8BF2-11A4B1A0FFC3}.Release|Any CPU.Build.0 = Release|Any CPU
	EndGlobalSection
	GlobalSection(SolutionProperties) = preSolution
		HideSolutionNode = FALSE
	EndGlobalSection
	GlobalSection(NestedProjects) = preSolution
		{4388FC26-0296-4746-A212-EABCF106CBB7} = {387CCFBA-1FD1-4C5C-A136-B55E6061D391}
		{DDCA97BE-D636-4AF9-AD6E-DE066B95B03A} = {4388FC26-0296-4746-A212-EABCF106CBB7}
		{C49DB6DF-0EFE-42E0-8802-1DB2C111905A} = {DDCA97BE-D636-4AF9-AD6E-DE066B95B03A}
		{7E2041B1-B6A7-4E15-BB41-7DB33794B90C} = {DDCA97BE-D636-4AF9-AD6E-DE066B95B03A}
		{91903F00-40A0-4A73-AC30-88E77FE08D7D} = {4388FC26-0296-4746-A212-EABCF106CBB7}
		{A88C45D2-E6AB-41E6-80ED-32A63E987A02} = {4388FC26-0296-4746-A212-EABCF106CBB7}
		{2C13965E-B827-45F1-9506-8271E10E28D9} = {A88C45D2-E6AB-41E6-80ED-32A63E987A02}
		{E5ADF8D8-7898-48E7-A1AA-0AC6EEA32012} = {91903F00-40A0-4A73-AC30-88E77FE08D7D}
		{65FD6079-DF21-40A2-8BF2-11A4B1A0FFC3} = {A88C45D2-E6AB-41E6-80ED-32A63E987A02}
	EndGlobalSection
	GlobalSection(ExtensibilityGlobals) = postSolution
		SolutionGuid = {8701A07D-6DC6-436E-8C0D-5B9CE033F58F}
	EndGlobalSection
EndGlobal
